{
  "name": "web-jastip",
  "lockfileVersion": 3,
  "requires": true,
  "packages": {
    "": {
      "dependencies": {
        "@solidjs/router": "^0.16.1"
      }
    },
    "node_modules/@solidjs/router": {
      "version": "0.16.1",
      "resolved": "https://registry.npmjs.org/@solidjs/router/-/router-0.16.1.tgz",
      "integrity": "sha512-IhyjedgC6LRpw/8CPGGI89FrV+r0xTHzOl2c4CRyzYQ1bLepJxbVI1LLKvsavMWY5TRBRacV7hAeOhuTXkjiqg==",
      "license": "MIT",
      "peerDependencies": {
        "solid-js": "^1.8.6"
      }
    },
    "node_modules/csstype": {
      "version": "3.2.3",
      "resolved": "https://registry.npmjs.org/csstype/-/csstype-3.2.3.tgz",
      "integrity": "sha512-z1HGKcYy2xA8AGQfwrn0PAy+PB7X/GSj3UVJW9qKyn43xWa+gl5nXmU4qqLMRzWVLFC8KusUX8T/0kCiOYpAIQ==",
      "license": "MIT",
      "peer": true
    },
    "node_modules/seroval": {
      "version": "1.5.5",
      "resolved": "https://registry.npmjs.org/seroval/-/seroval-1.5.5.tgz",
      "integrity": "sha512-bSjOuPcwPKLSJNhr9+bZxA20nQxVle5J5MNsYRVE6cIg7KpRLXGupymePavu0jrxlPiPsr4xGZSB8yUY2sH2sw==",
      "license": "MIT",
      "peer": true,
      "engines": {
        "node": ">=10"
      }
    },
    "node_modules/seroval-plugins": {
      "version": "1.5.5",
      "resolved": "https://registry.npmjs.org/seroval-plugins/-/seroval-plugins-1.5.5.tgz",
      "integrity": "sha512-+BDhqYM6CEn3x09v44dpa9p6974FuUB2dxk+Ctn04k0cO1Zt6QODTXfmEZK0eBaTe/fJBvP4NMGuNJ+R8T+QMg==",
      "license": "MIT",
      "peer": true,
      "engines": {
        "node": ">=10"
      },
      "peerDependencies": {
        "seroval": "^1.0"
      }
    },
    "node_modules/solid-js": {
      "version": "1.9.14",
      "resolved": "https://registry.npmjs.org/solid-js/-/solid-js-1.9.14.tgz",
      "integrity": "sha512-sAEXC0Kk0S1EDg+8ysEWJDbYhA3RRoEjwuySUGlKIemeo0I5YZfOyumNjNs9Sv3y2nmhD+0rW66ag2HsMuQiGQ==",
      "license": "MIT",
      "peer": true,
      "dependencies": {
        "csstype": "^3.1.0",
        "seroval": "~1.5.4",
        "seroval-plugins": "~1.5.4"
      }
    }
  }
}
